
Microsoft Visual Studio Solution File, Format Version 12.00
# Visual Studio Version 17
VisualStudioVersion = 17.4.33110.190
MinimumVisualStudioVersion = 10.0.40219.1
Project("{2150E333-8FDC-42A3-9474-1A3956D46DE8}") = "_", "_", "{55AA2D2B-9F06-4B4E-A9AB-E67E6FDE6440}"
	ProjectSection(SolutionItems) = preProject
		ReadMe.txt = ReadMe.txt
	EndProjectSection
EndProject
Project("{2150E333-8FDC-42A3-9474-1A3956D46DE8}") = "00", "00", "{5819638F-F09A-4045-95F0-E8A68A1538C9}"
EndProject
Project("{2150E333-8FDC-42A3-9474-1A3956D46DE8}") = "01", "01", "{3954C466-B0DF-4D58-81F3-93CAC78530FC}"
EndProject
Project("{2150E333-8FDC-42A3-9474-1A3956D46DE8}") = "02", "02", "{DD3A359A-E00F-4EA4-820F-87077134E7E9}"
EndProject
Project("{2150E333-8FDC-42A3-9474-1A3956D46DE8}") = "03", "03", "{24F6C8DD-D512-447C-9C5F-D902AA356810}"
EndProject
Project("{2150E333-8FDC-42A3-9474-1A3956D46DE8}") = "04", "04", "{8FBF24D1-05ED-4B7D-BA4B-4497EAB983DA}"
EndProject
Project("{2150E333-8FDC-42A3-9474-1A3956D46DE8}") = "05", "05", "{9076C4A6-1540-4206-A2BF-84A26811AD7B}"
EndProject
Project("{2150E333-8FDC-42A3-9474-1A3956D46DE8}") = "06", "06", "{F455F6C6-C803-45C4-9123-56F08431A420}"
EndProject
Project("{2150E333-8FDC-42A3-9474-1A3956D46DE8}") = "07", "07", "{9D38DF02-BC58-4FD3-A962-730B3400D2FD}"
EndProject
Project("{2150E333-8FDC-42A3-9474-1A3956D46DE8}") = "08", "08", "{C06D653C-99C6-41F7-AB54-8431892A3344}"
EndProject
Project("{2150E333-8FDC-42A3-9474-1A3956D46DE8}") = "09", "09", "{96967EEA-BB76-4DA9-BE6D-17A3C027FD58}"
EndProject
Project("{2150E333-8FDC-42A3-9474-1A3956D46DE8}") = "10", "10", "{DC787C38-3972-4386-9618-E8C21142C54A}"
EndProject
Project("{FAE04EC0-301F-11D3-BF4B-00C04F79EFBC}") = "SystemObject", "SystemObject\SystemObject.csproj", "{18D8FDDD-5718-49E9-B171-A91828BB85B5}"
EndProject
Project("{FAE04EC0-301F-11D3-BF4B-00C04F79EFBC}") = "ToString", "ToString\ToString.csproj", "{EB4C335B-F471-4F20-BEFA-98FA75704CF2}"
EndProject
Project("{FAE04EC0-301F-11D3-BF4B-00C04F79EFBC}") = "Equals", "Equals\Equals.csproj", "{1EFD38CE-A6BA-4A5B-8686-CC1AB0597CE9}"
EndProject
Project("{FAE04EC0-301F-11D3-BF4B-00C04F79EFBC}") = "EqualsZaReferentniTip", "EqualsZaReferentniTip\EqualsZaReferentniTip.csproj", "{27F190F9-C701-4FDA-8485-127DA31A4815}"
EndProject
Project("{FAE04EC0-301F-11D3-BF4B-00C04F79EFBC}") = "EqualsZaIzvedeniReferentniTip", "EqualsZaIzvedeniReferentniTip\EqualsZaIzvedeniReferentniTip.csproj", "{2DEC9A8B-E380-4C86-AF13-0FE70BC3E617}"
EndProject
Project("{FAE04EC0-301F-11D3-BF4B-00C04F79EFBC}") = "EqualsZaVrijednosniTip", "EqualsZaVrijednosniTip\EqualsZaVrijednosniTip.csproj", "{4EE7B4A8-CCFE-49EC-8670-5B5649C14E2E}"
EndProject
Project("{FAE04EC0-301F-11D3-BF4B-00C04F79EFBC}") = "JednakostZaReferentniTip", "JednakostZaReferentniTip\JednakostZaReferentniTip.csproj", "{67FB5564-D739-44DC-BA0B-78CCCAEA9DD3}"
EndProject
Project("{FAE04EC0-301F-11D3-BF4B-00C04F79EFBC}") = "JednakostZaVrijednosniTip", "JednakostZaVrijednosniTip\JednakostZaVrijednosniTip.csproj", "{57434CBD-7C9E-44AF-86F2-64D2E8E6E3A9}"
EndProject
Project("{FAE04EC0-301F-11D3-BF4B-00C04F79EFBC}") = "GetHashCodeStringa", "GetHashCodeStringa\GetHashCodeStringa.csproj", "{23EDB037-5DFC-4A08-8C03-0F4199501A74}"
EndProject
Project("{FAE04EC0-301F-11D3-BF4B-00C04F79EFBC}") = "GetHashCode", "GetHashCode\GetHashCode.csproj", "{7F1C7E0E-B706-46D5-8206-08FB1764415A}"
EndProject
Project("{FAE04EC0-301F-11D3-BF4B-00C04F79EFBC}") = "Clone", "Clone\Clone.csproj", "{A6C99B66-AAC9-4536-AC14-697F0792CA14}"
EndProject
Project("{FAE04EC0-301F-11D3-BF4B-00C04F79EFBC}") = "Testovi", "Testovi\Testovi.csproj", "{F0BA91D7-A5E8-4419-BF78-176B4620DE81}"
EndProject
Global
	GlobalSection(SolutionConfigurationPlatforms) = preSolution
		Debug|Any CPU = Debug|Any CPU
		Release|Any CPU = Release|Any CPU
	EndGlobalSection
	GlobalSection(ProjectConfigurationPlatforms) = postSolution
		{18D8FDDD-5718-49E9-B171-A91828BB85B5}.Debug|Any CPU.ActiveCfg = Debug|Any CPU
		{18D8FDDD-5718-49E9-B171-A91828BB85B5}.Debug|Any CPU.Build.0 = Debug|Any CPU
		{18D8FDDD-5718-49E9-B171-A91828BB85B5}.Release|Any CPU.ActiveCfg = Release|Any CPU
		{18D8FDDD-5718-49E9-B171-A91828BB85B5}.Release|Any CPU.Build.0 = Release|Any CPU
		{EB4C335B-F471-4F20-BEFA-98FA75704CF2}.Debug|Any CPU.ActiveCfg = Debug|Any CPU
		{EB4C335B-F471-4F20-BEFA-98FA75704CF2}.Debug|Any CPU.Build.0 = Debug|Any CPU
		{EB4C335B-F471-4F20-BEFA-98FA75704CF2}.Release|Any CPU.ActiveCfg = Release|Any CPU
		{EB4C335B-F471-4F20-BEFA-98FA75704CF2}.Release|Any CPU.Build.0 = Release|Any CPU
		{1EFD38CE-A6BA-4A5B-8686-CC1AB0597CE9}.Debug|Any CPU.ActiveCfg = Debug|Any CPU
		{1EFD38CE-A6BA-4A5B-8686-CC1AB0597CE9}.Debug|Any CPU.Build.0 = Debug|Any CPU
		{1EFD38CE-A6BA-4A5B-8686-CC1AB0597CE9}.Release|Any CPU.ActiveCfg = Release|Any CPU
		{1EFD38CE-A6BA-4A5B-8686-CC1AB0597CE9}.Release|Any CPU.Build.0 = Release|Any CPU
		{27F190F9-C701-4FDA-8485-127DA31A4815}.Debug|Any CPU.ActiveCfg = Debug|Any CPU
		{27F190F9-C701-4FDA-8485-127DA31A4815}.Debug|Any CPU.Build.0 = Debug|Any CPU
		{27F190F9-C701-4FDA-8485-127DA31A4815}.Release|Any CPU.ActiveCfg = Release|Any CPU
		{27F190F9-C701-4FDA-8485-127DA31A4815}.Release|Any CPU.Build.0 = Release|Any CPU
		{2DEC9A8B-E380-4C86-AF13-0FE70BC3E617}.Debug|Any CPU.ActiveCfg = Debug|Any CPU
		{2DEC9A8B-E380-4C86-AF13-0FE70BC3E617}.Debug|Any CPU.Build.0 = Debug|Any CPU
		{2DEC9A8B-E380-4C86-AF13-0FE70BC3E617}.Release|Any CPU.ActiveCfg = Release|Any CPU
		{2DEC9A8B-E380-4C86-AF13-0FE70BC3E617}.Release|Any CPU.Build.0 = Release|Any CPU
		{4EE7B4A8-CCFE-49EC-8670-5B5649C14E2E}.Debug|Any CPU.ActiveCfg = Debug|Any CPU
		{4EE7B4A8-CCFE-49EC-8670-5B5649C14E2E}.Debug|Any CPU.Build.0 = Debug|Any CPU
		{4EE7B4A8-CCFE-49EC-8670-5B5649C14E2E}.Release|Any CPU.ActiveCfg = Release|Any CPU
		{4EE7B4A8-CCFE-49EC-8670-5B5649C14E2E}.Release|Any CPU.Build.0 = Release|Any CPU
		{67FB5564-D739-44DC-BA0B-78CCCAEA9DD3}.Debug|Any CPU.ActiveCfg = Debug|Any CPU
		{67FB5564-D739-44DC-BA0B-78CCCAEA9DD3}.Debug|Any CPU.Build.0 = Debug|Any CPU
		{67FB5564-D739-44DC-BA0B-78CCCAEA9DD3}.Release|Any CPU.ActiveCfg = Release|Any CPU
		{67FB5564-D739-44DC-BA0B-78CCCAEA9DD3}.Release|Any CPU.Build.0 = Release|Any CPU
		{57434CBD-7C9E-44AF-86F2-64D2E8E6E3A9}.Debug|Any CPU.ActiveCfg = Debug|Any CPU
		{57434CBD-7C9E-44AF-86F2-64D2E8E6E3A9}.Debug|Any CPU.Build.0 = Debug|Any CPU
		{57434CBD-7C9E-44AF-86F2-64D2E8E6E3A9}.Release|Any CPU.ActiveCfg = Release|Any CPU
		{57434CBD-7C9E-44AF-86F2-64D2E8E6E3A9}.Release|Any CPU.Build.0 = Release|Any CPU
		{23EDB037-5DFC-4A08-8C03-0F4199501A74}.Debug|Any CPU.ActiveCfg = Debug|Any CPU
		{23EDB037-5DFC-4A08-8C03-0F4199501A74}.Debug|Any CPU.Build.0 = Debug|Any CPU
		{23EDB037-5DFC-4A08-8C03-0F4199501A74}.Release|Any CPU.ActiveCfg = Release|Any CPU
		{23EDB037-5DFC-4A08-8C03-0F4199501A74}.Release|Any CPU.Build.0 = Release|Any CPU
		{7F1C7E0E-B706-46D5-8206-08FB1764415A}.Debug|Any CPU.ActiveCfg = Debug|Any CPU
		{7F1C7E0E-B706-46D5-8206-08FB1764415A}.Debug|Any CPU.Build.0 = Debug|Any CPU
		{7F1C7E0E-B706-46D5-8206-08FB1764415A}.Release|Any CPU.ActiveCfg = Release|Any CPU
		{7F1C7E0E-B706-46D5-8206-08FB1764415A}.Release|Any CPU.Build.0 = Release|Any CPU
		{A6C99B66-AAC9-4536-AC14-697F0792CA14}.Debug|Any CPU.ActiveCfg = Debug|Any CPU
		{A6C99B66-AAC9-4536-AC14-697F0792CA14}.Debug|Any CPU.Build.0 = Debug|Any CPU
		{A6C99B66-AAC9-4536-AC14-697F0792CA14}.Release|Any CPU.ActiveCfg = Release|Any CPU
		{A6C99B66-AAC9-4536-AC14-697F0792CA14}.Release|Any CPU.Build.0 = Release|Any CPU
		{F0BA91D7-A5E8-4419-BF78-176B4620DE81}.Debug|Any CPU.ActiveCfg = Debug|Any CPU
		{F0BA91D7-A5E8-4419-BF78-176B4620DE81}.Debug|Any CPU.Build.0 = Debug|Any CPU
		{F0BA91D7-A5E8-4419-BF78-176B4620DE81}.Release|Any CPU.ActiveCfg = Release|Any CPU
		{F0BA91D7-A5E8-4419-BF78-176B4620DE81}.Release|Any CPU.Build.0 = Release|Any CPU
	EndGlobalSection
	GlobalSection(SolutionProperties) = preSolution
		HideSolutionNode = FALSE
	EndGlobalSection
	GlobalSection(NestedProjects) = preSolution
		{18D8FDDD-5718-49E9-B171-A91828BB85B5} = {5819638F-F09A-4045-95F0-E8A68A1538C9}
		{EB4C335B-F471-4F20-BEFA-98FA75704CF2} = {3954C466-B0DF-4D58-81F3-93CAC78530FC}
		{1EFD38CE-A6BA-4A5B-8686-CC1AB0597CE9} = {DD3A359A-E00F-4EA4-820F-87077134E7E9}
		{27F190F9-C701-4FDA-8485-127DA31A4815} = {24F6C8DD-D512-447C-9C5F-D902AA356810}
		{2DEC9A8B-E380-4C86-AF13-0FE70BC3E617} = {8FBF24D1-05ED-4B7D-BA4B-4497EAB983DA}
		{4EE7B4A8-CCFE-49EC-8670-5B5649C14E2E} = {9076C4A6-1540-4206-A2BF-84A26811AD7B}
		{67FB5564-D739-44DC-BA0B-78CCCAEA9DD3} = {F455F6C6-C803-45C4-9123-56F08431A420}
		{57434CBD-7C9E-44AF-86F2-64D2E8E6E3A9} = {9D38DF02-BC58-4FD3-A962-730B3400D2FD}
		{23EDB037-5DFC-4A08-8C03-0F4199501A74} = {C06D653C-99C6-41F7-AB54-8431892A3344}
		{7F1C7E0E-B706-46D5-8206-08FB1764415A} = {96967EEA-BB76-4DA9-BE6D-17A3C027FD58}
		{A6C99B66-AAC9-4536-AC14-697F0792CA14} = {DC787C38-3972-4386-9618-E8C21142C54A}
	EndGlobalSection
	GlobalSection(ExtensibilityGlobals) = postSolution
		SolutionGuid = {F01297CC-3375-4D6F-8AF6-35B41EAEBAEB}
	EndGlobalSection
EndGlobal
