
Microsoft Visual Studio Solution File, Format Version 12.00
# Visual Studio 15
VisualStudioVersion = 15.0.28307.902
MinimumVisualStudioVersion = 10.0.40219.1
Project("{2150E333-8FDC-42A3-9474-1A3956D46DE8}") = "_", "_", "{55AA2D2B-9F06-4B4E-A9AB-E67E6FDE6440}"
	ProjectSection(SolutionItems) = preProject
		ReadMe.txt = ReadMe.txt
	EndProjectSection
EndProject
Project("{2150E333-8FDC-42A3-9474-1A3956D46DE8}") = "00", "00", "{5819638F-F09A-4045-95F0-E8A68A1538C9}"
EndProject
Project("{2150E333-8FDC-42A3-9474-1A3956D46DE8}") = "01", "01", "{3954C466-B0DF-4D58-81F3-93CAC78530FC}"
EndProject
Project("{2150E333-8FDC-42A3-9474-1A3956D46DE8}") = "02", "02", "{DD3A359A-E00F-4EA4-820F-87077134E7E9}"
EndProject
Project("{2150E333-8FDC-42A3-9474-1A3956D46DE8}") = "03", "03", "{24F6C8DD-D512-447C-9C5F-D902AA356810}"
EndProject
Project("{2150E333-8FDC-42A3-9474-1A3956D46DE8}") = "04", "04", "{8FBF24D1-05ED-4B7D-BA4B-4497EAB983DA}"
EndProject
Project("{2150E333-8FDC-42A3-9474-1A3956D46DE8}") = "05", "05", "{9076C4A6-1540-4206-A2BF-84A26811AD7B}"
EndProject
Project("{2150E333-8FDC-42A3-9474-1A3956D46DE8}") = "06", "06", "{F455F6C6-C803-45C4-9123-56F08431A420}"
EndProject
Project("{2150E333-8FDC-42A3-9474-1A3956D46DE8}") = "07", "07", "{9D38DF02-BC58-4FD3-A962-730B3400D2FD}"
EndProject
Project("{2150E333-8FDC-42A3-9474-1A3956D46DE8}") = "08", "08", "{C06D653C-99C6-41F7-AB54-8431892A3344}"
EndProject
Project("{2150E333-8FDC-42A3-9474-1A3956D46DE8}") = "09", "09", "{96967EEA-BB76-4DA9-BE6D-17A3C027FD58}"
EndProject
Project("{2150E333-8FDC-42A3-9474-1A3956D46DE8}") = "10", "10", "{DC787C38-3972-4386-9618-E8C21142C54A}"
EndProject
Project("{FAE04EC0-301F-11D3-BF4B-00C04F79EFBC}") = "SystemObject", "SystemObject\SystemObject.csproj", "{F5343DD4-5599-43C5-84E5-D612BC902795}"
EndProject
Project("{FAE04EC0-301F-11D3-BF4B-00C04F79EFBC}") = "ToString", "ToString\ToString.csproj", "{1E776F14-0094-46F5-B337-36C3C1940CA6}"
EndProject
Project("{FAE04EC0-301F-11D3-BF4B-00C04F79EFBC}") = "Equals", "Equals\Equals.csproj", "{84EF010E-91D0-417F-AB2F-AB2DDBF757B2}"
EndProject
Project("{FAE04EC0-301F-11D3-BF4B-00C04F79EFBC}") = "EqualsZaReferentniTip", "EqualsZaReferentniTip\EqualsZaReferentniTip.csproj", "{13DE2732-29B2-4AE3-8868-4DC21A7C850F}"
EndProject
Project("{FAE04EC0-301F-11D3-BF4B-00C04F79EFBC}") = "EqualsZaVrijednosniTip", "EqualsZaVrijednosniTip\EqualsZaVrijednosniTip.csproj", "{399D3AFC-60FC-455A-9AC8-ED920595E0DF}"
EndProject
Project("{FAE04EC0-301F-11D3-BF4B-00C04F79EFBC}") = "JednakostZaReferentniTip", "JednakostZaReferentniTip\JednakostZaReferentniTip.csproj", "{5319CB7F-49CE-4C97-A63F-121C8282D367}"
EndProject
Project("{FAE04EC0-301F-11D3-BF4B-00C04F79EFBC}") = "JednakostZaVrijednosniTip", "JednakostZaVrijednosniTip\JednakostZaVrijednosniTip.csproj", "{E799A061-770B-468F-9CDE-A1C542F310DA}"
EndProject
Project("{FAE04EC0-301F-11D3-BF4B-00C04F79EFBC}") = "EqualsZaIzvedeniReferentniTip", "EqualsZaIzvedeniReferentniTip\EqualsZaIzvedeniReferentniTip.csproj", "{8D850EE6-D590-4A73-A73C-176F9155D27B}"
EndProject
Project("{FAE04EC0-301F-11D3-BF4B-00C04F79EFBC}") = "GetHashCode", "GetHashCode\GetHashCode.csproj", "{23CBE327-C612-4E86-9BF2-3B3540DCCF50}"
EndProject
Project("{FAE04EC0-301F-11D3-BF4B-00C04F79EFBC}") = "GetHashCodeStringa", "GetHashCodeStringa\GetHashCodeStringa.csproj", "{104C5CEF-1B84-4CE9-8711-BA14A073565B}"
EndProject
Project("{FAE04EC0-301F-11D3-BF4B-00C04F79EFBC}") = "Clone", "Clone\Clone.csproj", "{6E81878C-7F2D-45C7-83FD-8C7457802443}"
EndProject
Project("{FAE04EC0-301F-11D3-BF4B-00C04F79EFBC}") = "Testovi", "Testovi\Testovi.csproj", "{4F2878C0-656C-4CDC-B6F6-6D5682847766}"
EndProject
Global
	GlobalSection(SolutionConfigurationPlatforms) = preSolution
		Debug|Any CPU = Debug|Any CPU
		Release|Any CPU = Release|Any CPU
	EndGlobalSection
	GlobalSection(ProjectConfigurationPlatforms) = postSolution
		{F5343DD4-5599-43C5-84E5-D612BC902795}.Debug|Any CPU.ActiveCfg = Debug|Any CPU
		{F5343DD4-5599-43C5-84E5-D612BC902795}.Debug|Any CPU.Build.0 = Debug|Any CPU
		{F5343DD4-5599-43C5-84E5-D612BC902795}.Release|Any CPU.ActiveCfg = Release|Any CPU
		{F5343DD4-5599-43C5-84E5-D612BC902795}.Release|Any CPU.Build.0 = Release|Any CPU
		{1E776F14-0094-46F5-B337-36C3C1940CA6}.Debug|Any CPU.ActiveCfg = Debug|Any CPU
		{1E776F14-0094-46F5-B337-36C3C1940CA6}.Debug|Any CPU.Build.0 = Debug|Any CPU
		{1E776F14-0094-46F5-B337-36C3C1940CA6}.Release|Any CPU.ActiveCfg = Release|Any CPU
		{1E776F14-0094-46F5-B337-36C3C1940CA6}.Release|Any CPU.Build.0 = Release|Any CPU
		{84EF010E-91D0-417F-AB2F-AB2DDBF757B2}.Debug|Any CPU.ActiveCfg = Debug|Any CPU
		{84EF010E-91D0-417F-AB2F-AB2DDBF757B2}.Debug|Any CPU.Build.0 = Debug|Any CPU
		{84EF010E-91D0-417F-AB2F-AB2DDBF757B2}.Release|Any CPU.ActiveCfg = Release|Any CPU
		{84EF010E-91D0-417F-AB2F-AB2DDBF757B2}.Release|Any CPU.Build.0 = Release|Any CPU
		{13DE2732-29B2-4AE3-8868-4DC21A7C850F}.Debug|Any CPU.ActiveCfg = Debug|Any CPU
		{13DE2732-29B2-4AE3-8868-4DC21A7C850F}.Debug|Any CPU.Build.0 = Debug|Any CPU
		{13DE2732-29B2-4AE3-8868-4DC21A7C850F}.Release|Any CPU.ActiveCfg = Release|Any CPU
		{13DE2732-29B2-4AE3-8868-4DC21A7C850F}.Release|Any CPU.Build.0 = Release|Any CPU
		{399D3AFC-60FC-455A-9AC8-ED920595E0DF}.Debug|Any CPU.ActiveCfg = Debug|Any CPU
		{399D3AFC-60FC-455A-9AC8-ED920595E0DF}.Debug|Any CPU.Build.0 = Debug|Any CPU
		{399D3AFC-60FC-455A-9AC8-ED920595E0DF}.Release|Any CPU.ActiveCfg = Release|Any CPU
		{399D3AFC-60FC-455A-9AC8-ED920595E0DF}.Release|Any CPU.Build.0 = Release|Any CPU
		{5319CB7F-49CE-4C97-A63F-121C8282D367}.Debug|Any CPU.ActiveCfg = Debug|Any CPU
		{5319CB7F-49CE-4C97-A63F-121C8282D367}.Debug|Any CPU.Build.0 = Debug|Any CPU
		{5319CB7F-49CE-4C97-A63F-121C8282D367}.Release|Any CPU.ActiveCfg = Release|Any CPU
		{5319CB7F-49CE-4C97-A63F-121C8282D367}.Release|Any CPU.Build.0 = Release|Any CPU
		{E799A061-770B-468F-9CDE-A1C542F310DA}.Debug|Any CPU.ActiveCfg = Debug|Any CPU
		{E799A061-770B-468F-9CDE-A1C542F310DA}.Debug|Any CPU.Build.0 = Debug|Any CPU
		{E799A061-770B-468F-9CDE-A1C542F310DA}.Release|Any CPU.ActiveCfg = Release|Any CPU
		{E799A061-770B-468F-9CDE-A1C542F310DA}.Release|Any CPU.Build.0 = Release|Any CPU
		{8D850EE6-D590-4A73-A73C-176F9155D27B}.Debug|Any CPU.ActiveCfg = Debug|Any CPU
		{8D850EE6-D590-4A73-A73C-176F9155D27B}.Debug|Any CPU.Build.0 = Debug|Any CPU
		{8D850EE6-D590-4A73-A73C-176F9155D27B}.Release|Any CPU.ActiveCfg = Release|Any CPU
		{8D850EE6-D590-4A73-A73C-176F9155D27B}.Release|Any CPU.Build.0 = Release|Any CPU
		{23CBE327-C612-4E86-9BF2-3B3540DCCF50}.Debug|Any CPU.ActiveCfg = Debug|Any CPU
		{23CBE327-C612-4E86-9BF2-3B3540DCCF50}.Debug|Any CPU.Build.0 = Debug|Any CPU
		{23CBE327-C612-4E86-9BF2-3B3540DCCF50}.Release|Any CPU.ActiveCfg = Release|Any CPU
		{23CBE327-C612-4E86-9BF2-3B3540DCCF50}.Release|Any CPU.Build.0 = Release|Any CPU
		{104C5CEF-1B84-4CE9-8711-BA14A073565B}.Debug|Any CPU.ActiveCfg = Debug|Any CPU
		{104C5CEF-1B84-4CE9-8711-BA14A073565B}.Debug|Any CPU.Build.0 = Debug|Any CPU
		{104C5CEF-1B84-4CE9-8711-BA14A073565B}.Release|Any CPU.ActiveCfg = Release|Any CPU
		{104C5CEF-1B84-4CE9-8711-BA14A073565B}.Release|Any CPU.Build.0 = Release|Any CPU
		{6E81878C-7F2D-45C7-83FD-8C7457802443}.Debug|Any CPU.ActiveCfg = Debug|Any CPU
		{6E81878C-7F2D-45C7-83FD-8C7457802443}.Debug|Any CPU.Build.0 = Debug|Any CPU
		{6E81878C-7F2D-45C7-83FD-8C7457802443}.Release|Any CPU.ActiveCfg = Release|Any CPU
		{6E81878C-7F2D-45C7-83FD-8C7457802443}.Release|Any CPU.Build.0 = Release|Any CPU
		{4F2878C0-656C-4CDC-B6F6-6D5682847766}.Debug|Any CPU.ActiveCfg = Debug|Any CPU
		{4F2878C0-656C-4CDC-B6F6-6D5682847766}.Debug|Any CPU.Build.0 = Debug|Any CPU
		{4F2878C0-656C-4CDC-B6F6-6D5682847766}.Release|Any CPU.ActiveCfg = Release|Any CPU
		{4F2878C0-656C-4CDC-B6F6-6D5682847766}.Release|Any CPU.Build.0 = Release|Any CPU
	EndGlobalSection
	GlobalSection(SolutionProperties) = preSolution
		HideSolutionNode = FALSE
	EndGlobalSection
	GlobalSection(NestedProjects) = preSolution
		{F5343DD4-5599-43C5-84E5-D612BC902795} = {5819638F-F09A-4045-95F0-E8A68A1538C9}
		{1E776F14-0094-46F5-B337-36C3C1940CA6} = {3954C466-B0DF-4D58-81F3-93CAC78530FC}
		{84EF010E-91D0-417F-AB2F-AB2DDBF757B2} = {DD3A359A-E00F-4EA4-820F-87077134E7E9}
		{13DE2732-29B2-4AE3-8868-4DC21A7C850F} = {24F6C8DD-D512-447C-9C5F-D902AA356810}
		{399D3AFC-60FC-455A-9AC8-ED920595E0DF} = {9076C4A6-1540-4206-A2BF-84A26811AD7B}
		{5319CB7F-49CE-4C97-A63F-121C8282D367} = {F455F6C6-C803-45C4-9123-56F08431A420}
		{E799A061-770B-468F-9CDE-A1C542F310DA} = {9D38DF02-BC58-4FD3-A962-730B3400D2FD}
		{8D850EE6-D590-4A73-A73C-176F9155D27B} = {8FBF24D1-05ED-4B7D-BA4B-4497EAB983DA}
		{23CBE327-C612-4E86-9BF2-3B3540DCCF50} = {96967EEA-BB76-4DA9-BE6D-17A3C027FD58}
		{104C5CEF-1B84-4CE9-8711-BA14A073565B} = {C06D653C-99C6-41F7-AB54-8431892A3344}
		{6E81878C-7F2D-45C7-83FD-8C7457802443} = {DC787C38-3972-4386-9618-E8C21142C54A}
	EndGlobalSection
	GlobalSection(ExtensibilityGlobals) = postSolution
		SolutionGuid = {F01297CC-3375-4D6F-8AF6-35B41EAEBAEB}
	EndGlobalSection
EndGlobal
